
Microsoft Visual Studio Solution File, Format Version 12.00
# Visual Studio Version 16
VisualStudioVersion = 16.0.31613.86
MinimumVisualStudioVersion = 10.0.40219.1
Project("{FAE04EC0-301F-11D3-BF4B-00C04F79EFBC}") = "tML Tile Helper", "tML Tile Helper.csproj", "{F227A8BC-1464-442A-803E-E585490ECE99}"
EndProject
Global
	GlobalSection(SolutionConfigurationPlatforms) = preSolution
		Debug|Any CPU = Debug|Any CPU
		Release|Any CPU = Release|Any CPU
	EndGlobalSection
	GlobalSection(ProjectConfigurationPlatforms) = postSolution
		{F227A8BC-1464-442A-803E-E585490ECE99}.Debug|Any CPU.ActiveCfg = Debug|Any CPU
		{F227A8BC-1464-442A-803E-E585490ECE99}.Debug|Any CPU.Build.0 = Debug|Any CPU
		{F227A8BC-1464-442A-803E-E585490ECE99}.Release|Any CPU.ActiveCfg = Release|Any CPU
		{F227A8BC-1464-442A-803E-E585490ECE99}.Release|Any CPU.Build.0 = Release|Any CPU
	EndGlobalSection
	GlobalSection(SolutionProperties) = preSolution
		HideSolutionNode = FALSE
	EndGlobalSection
	GlobalSection(ExtensibilityGlobals) = postSolution
		SolutionGuid = {6EB3DCF8-42E1-457D-9A72-872FA0AE0168}
	EndGlobalSection
EndGlobal
